<Solution>
  <Folder Name="/src/">
    <Project Path="backend/tMoney.Application/tMoney.Application.csproj" />
    <Project Path="backend/tMoney.Domain/tMoney.Domain.csproj" />
    <Project Path="backend/tMoney.Infrastructure/tMoney.Infrastructure.csproj" />
    <Project Path="backend/tMoney.WebApi/tMoney.WebApi.csproj" />
  </Folder>
  <Folder Name="/test/">
    <Project Path="backend/tMoney.UnitTests/tMoney.UnitTests.csproj" />
  </Folder>
</Solution>
